// !$*UTF8*$!
{
	archiveVersion = 1;
	classes = {
	};
	objectVersion = 46;
	objects = {

/* Begin PBXBuildFile section */
		85D290D71A62826D001C6A5A /* main.cpp in Sources */ = {isa = PBXBuildFile; fileRef = 85D290D61A62826D001C6A5A /* main.cpp */; };
		85D290DF1A62939B001C6A5A /* Excursion.cpp in Sources */ = {isa = PBXBuildFile; fileRef = 85D290DD1A62939B001C6A5A /* Excursion.cpp */; };
		85D290E21A62940E001C6A5A /* item.cpp in Sources */ = {isa = PBXBuildFile; fileRef = 85D290E01A62940E001C6A5A /* item.cpp */; };
		85D290E51A629476001C6A5A /* multiday_excursion.cpp in Sources */ = {isa = PBXBuildFile; fileRef = 85D290E31A629476001C6A5A /* multiday_excursion.cpp */; };
		85D290E81A6294BA001C6A5A /* myvector.cpp in Sources */ = {isa = PBXBuildFile; fileRef = 85D290E61A6294BA001C6A5A /* myvector.cpp */; };
		85D290EB1A629515001C6A5A /* oneday_excursion.cpp in Sources */ = {isa = PBXBuildFile; fileRef = 85D290E91A629515001C6A5A /* oneday_excursion.cpp */; };
		85D290EE1A629564001C6A5A /* record.cpp in Sources */ = {isa = PBXBuildFile; fileRef = 85D290EC1A629564001C6A5A /* record.cpp */; };
		85D290F41A6295D1001C6A5A /* table_iterator.cpp in Sources */ = {isa = PBXBuildFile; fileRef = 85D290F21A6295D1001C6A5A /* table_iterator.cpp */; };
		85D290F71A6295F3001C6A5A /* table.cpp in Sources */ = {isa = PBXBuildFile; fileRef = 85D290F51A6295F3001C6A5A /* table.cpp */; };
		85D290FA1A62961A001C6A5A /* vector_table.cpp in Sources */ = {isa = PBXBuildFile; fileRef = 85D290F81A62961A001C6A5A /* vector_table.cpp */; };
		85D290FC1A6330F3001C6A5A /* route.cpp in Sources */ = {isa = PBXBuildFile; fileRef = 85D290FB1A6330F3001C6A5A /* route.cpp */; };
/* End PBXBuildFile section */

/* Begin PBXCopyFilesBuildPhase section */
		85D290D11A62826D001C6A5A /* CopyFiles */ = {
			isa = PBXCopyFilesBuildPhase;
			buildActionMask = 2147483647;
			dstPath = /usr/share/man/man1/;
			dstSubfolderSpec = 0;
			files = (
			);
			runOnlyForDeploymentPostprocessing = 1;
		};
/* End PBXCopyFilesBuildPhase section */

/* Begin PBXFileReference section */
		85D290D31A62826D001C6A5A /* Excc */ = {isa = PBXFileReference; explicitFileType = "compiled.mach-o.executable"; includeInIndex = 0; path = Excc; sourceTree = BUILT_PRODUCTS_DIR; };
		85D290D61A62826D001C6A5A /* main.cpp */ = {isa = PBXFileReference; lastKnownFileType = sourcecode.cpp.cpp; path = main.cpp; sourceTree = "<group>"; };
		85D290DD1A62939B001C6A5A /* Excursion.cpp */ = {isa = PBXFileReference; fileEncoding = 4; lastKnownFileType = sourcecode.cpp.cpp; path = Excursion.cpp; sourceTree = "<group>"; };
		85D290DE1A62939B001C6A5A /* Excursion.h */ = {isa = PBXFileReference; fileEncoding = 4; lastKnownFileType = sourcecode.c.h; path = Excursion.h; sourceTree = "<group>"; };
		85D290E01A62940E001C6A5A /* item.cpp */ = {isa = PBXFileReference; fileEncoding = 4; lastKnownFileType = sourcecode.cpp.cpp; path = item.cpp; sourceTree = "<group>"; };
		85D290E11A62940E001C6A5A /* item.h */ = {isa = PBXFileReference; fileEncoding = 4; lastKnownFileType = sourcecode.c.h; path = item.h; sourceTree = "<group>"; };
		85D290E31A629476001C6A5A /* multiday_excursion.cpp */ = {isa = PBXFileReference; fileEncoding = 4; lastKnownFileType = sourcecode.cpp.cpp; path = multiday_excursion.cpp; sourceTree = "<group>"; };
		85D290E41A629476001C6A5A /* multiday_excursion.h */ = {isa = PBXFileReference; fileEncoding = 4; lastKnownFileType = sourcecode.c.h; path = multiday_excursion.h; sourceTree = "<group>"; };
		85D290E61A6294BA001C6A5A /* myvector.cpp */ = {isa = PBXFileReference; fileEncoding = 4; lastKnownFileType = sourcecode.cpp.cpp; path = myvector.cpp; sourceTree = "<group>"; };
		85D290E71A6294BA001C6A5A /* myvector.h */ = {isa = PBXFileReference; fileEncoding = 4; lastKnownFileType = sourcecode.c.h; path = myvector.h; sourceTree = "<group>"; };
		85D290E91A629515001C6A5A /* oneday_excursion.cpp */ = {isa = PBXFileReference; fileEncoding = 4; lastKnownFileType = sourcecode.cpp.cpp; path = oneday_excursion.cpp; sourceTree = "<group>"; };
		85D290EA1A629515001C6A5A /* oneday_excursion.h */ = {isa = PBXFileReference; fileEncoding = 4; lastKnownFileType = sourcecode.c.h; path = oneday_excursion.h; sourceTree = "<group>"; };
		85D290EC1A629564001C6A5A /* record.cpp */ = {isa = PBXFileReference; fileEncoding = 4; lastKnownFileType = sourcecode.cpp.cpp; path = record.cpp; sourceTree = "<group>"; };
		85D290ED1A629564001C6A5A /* record.h */ = {isa = PBXFileReference; fileEncoding = 4; lastKnownFileType = sourcecode.c.h; path = record.h; sourceTree = "<group>"; };
		85D290F01A6295AF001C6A5A /* route.h */ = {isa = PBXFileReference; fileEncoding = 4; lastKnownFileType = sourcecode.c.h; path = route.h; sourceTree = "<group>"; };
		85D290F21A6295D1001C6A5A /* table_iterator.cpp */ = {isa = PBXFileReference; fileEncoding = 4; lastKnownFileType = sourcecode.cpp.cpp; path = table_iterator.cpp; sourceTree = "<group>"; };
		85D290F31A6295D1001C6A5A /* table_iterator.h */ = {isa = PBXFileReference; fileEncoding = 4; lastKnownFileType = sourcecode.c.h; path = table_iterator.h; sourceTree = "<group>"; };
		85D290F51A6295F3001C6A5A /* table.cpp */ = {isa = PBXFileReference; fileEncoding = 4; lastKnownFileType = sourcecode.cpp.cpp; path = table.cpp; sourceTree = "<group>"; };
		85D290F61A6295F3001C6A5A /* table.h */ = {isa = PBXFileReference; fileEncoding = 4; lastKnownFileType = sourcecode.c.h; path = table.h; sourceTree = "<group>"; };
		85D290F81A62961A001C6A5A /* vector_table.cpp */ = {isa = PBXFileReference; fileEncoding = 4; lastKnownFileType = sourcecode.cpp.cpp; path = vector_table.cpp; sourceTree = "<group>"; };
		85D290F91A62961A001C6A5A /* vector_table.h */ = {isa = PBXFileReference; fileEncoding = 4; lastKnownFileType = sourcecode.c.h; path = vector_table.h; sourceTree = "<group>"; };
		85D290FB1A6330F3001C6A5A /* route.cpp */ = {isa = PBXFileReference; fileEncoding = 4; lastKnownFileType = sourcecode.cpp.cpp; name = route.cpp; path = ../../../../Downloads/route.cpp; sourceTree = "<group>"; };
/* End PBXFileReference section */

/* Begin PBXFrameworksBuildPhase section */
		85D290D01A62826D001C6A5A /* Frameworks */ = {
			isa = PBXFrameworksBuildPhase;
			buildActionMask = 2147483647;
			files = (
			);
			runOnlyForDeploymentPostprocessing = 0;
		};
/* End PBXFrameworksBuildPhase section */

/* Begin PBXGroup section */
		85D290CA1A62826D001C6A5A = {
			isa = PBXGroup;
			children = (
				85D290D51A62826D001C6A5A /* Excc */,
				85D290D41A62826D001C6A5A /* Products */,
			);
			sourceTree = "<group>";
		};
		85D290D41A62826D001C6A5A /* Products */ = {
			isa = PBXGroup;
			children = (
				85D290D31A62826D001C6A5A /* Excc */,
			);
			name = Products;
			sourceTree = "<group>";
		};
		85D290D51A62826D001C6A5A /* Excc */ = {
			isa = PBXGroup;
			children = (
				85D290D61A62826D001C6A5A /* main.cpp */,
				85D290E31A629476001C6A5A /* multiday_excursion.cpp */,
				85D290E61A6294BA001C6A5A /* myvector.cpp */,
				85D290E91A629515001C6A5A /* oneday_excursion.cpp */,
				85D290EC1A629564001C6A5A /* record.cpp */,
				85D290F01A6295AF001C6A5A /* route.h */,
				85D290FB1A6330F3001C6A5A /* route.cpp */,
				85D290F21A6295D1001C6A5A /* table_iterator.cpp */,
				85D290F31A6295D1001C6A5A /* table_iterator.h */,
				85D290F51A6295F3001C6A5A /* table.cpp */,
				85D290F61A6295F3001C6A5A /* table.h */,
				85D290F81A62961A001C6A5A /* vector_table.cpp */,
				85D290F91A62961A001C6A5A /* vector_table.h */,
				85D290ED1A629564001C6A5A /* record.h */,
				85D290EA1A629515001C6A5A /* oneday_excursion.h */,
				85D290E71A6294BA001C6A5A /* myvector.h */,
				85D290E41A629476001C6A5A /* multiday_excursion.h */,
				85D290DD1A62939B001C6A5A /* Excursion.cpp */,
				85D290DE1A62939B001C6A5A /* Excursion.h */,
				85D290E01A62940E001C6A5A /* item.cpp */,
				85D290E11A62940E001C6A5A /* item.h */,
			);
			path = Excc;
			sourceTree = "<group>";
		};
/* End PBXGroup section */

/* Begin PBXNativeTarget section */
		85D290D21A62826D001C6A5A /* Excc */ = {
			isa = PBXNativeTarget;
			buildConfigurationList = 85D290DA1A62826D001C6A5A /* Build configuration list for PBXNativeTarget "Excc" */;
			buildPhases = (
				85D290CF1A62826D001C6A5A /* Sources */,
				85D290D01A62826D001C6A5A /* Frameworks */,
				85D290D11A62826D001C6A5A /* CopyFiles */,
			);
			buildRules = (
			);
			dependencies = (
			);
			name = Excc;
			productName = Excc;
			productReference = 85D290D31A62826D001C6A5A /* Excc */;
			productType = "com.apple.product-type.tool";
		};
/* End PBXNativeTarget section */

/* Begin PBXProject section */
		85D290CB1A62826D001C6A5A /* Project object */ = {
			isa = PBXProject;
			attributes = {
				LastUpgradeCheck = 0610;
				ORGANIZATIONNAME = SM;
				TargetAttributes = {
					85D290D21A62826D001C6A5A = {
						CreatedOnToolsVersion = 6.1.1;
					};
				};
			};
			buildConfigurationList = 85D290CE1A62826D001C6A5A /* Build configuration list for PBXProject "Excc" */;
			compatibilityVersion = "Xcode 3.2";
			developmentRegion = English;
			hasScannedForEncodings = 0;
			knownRegions = (
				en,
			);
			mainGroup = 85D290CA1A62826D001C6A5A;
			productRefGroup = 85D290D41A62826D001C6A5A /* Products */;
			projectDirPath = "";
			projectRoot = "";
			targets = (
				85D290D21A62826D001C6A5A /* Excc */,
			);
		};
/* End PBXProject section */

/* Begin PBXSourcesBuildPhase section */
		85D290CF1A62826D001C6A5A /* Sources */ = {
			isa = PBXSourcesBuildPhase;
			buildActionMask = 2147483647;
			files = (
				85D290F41A6295D1001C6A5A /* table_iterator.cpp in Sources */,
				85D290E81A6294BA001C6A5A /* myvector.cpp in Sources */,
				85D290F71A6295F3001C6A5A /* table.cpp in Sources */,
				85D290EE1A629564001C6A5A /* record.cpp in Sources */,
				85D290DF1A62939B001C6A5A /* Excursion.cpp in Sources */,
				85D290EB1A629515001C6A5A /* oneday_excursion.cpp in Sources */,
				85D290FC1A6330F3001C6A5A /* route.cpp in Sources */,
				85D290FA1A62961A001C6A5A /* vector_table.cpp in Sources */,
				85D290D71A62826D001C6A5A /* main.cpp in Sources */,
				85D290E21A62940E001C6A5A /* item.cpp in Sources */,
				85D290E51A629476001C6A5A /* multiday_excursion.cpp in Sources */,
			);
			runOnlyForDeploymentPostprocessing = 0;
		};
/* End PBXSourcesBuildPhase section */

/* Begin XCBuildConfiguration section */
		85D290D81A62826D001C6A5A /* Debug */ = {
			isa = XCBuildConfiguration;
			buildSettings = {
				ALWAYS_SEARCH_USER_PATHS = NO;
				CLANG_CXX_LANGUAGE_STANDARD = "gnu++0x";
				CLANG_CXX_LIBRARY = "libc++";
				CLANG_ENABLE_MODULES = YES;
				CLANG_ENABLE_OBJC_ARC = YES;
				CLANG_WARN_BOOL_CONVERSION = YES;
				CLANG_WARN_CONSTANT_CONVERSION = YES;
				CLANG_WARN_DIRECT_OBJC_ISA_USAGE = YES_ERROR;
				CLANG_WARN_EMPTY_BODY = YES;
				CLANG_WARN_ENUM_CONVERSION = YES;
				CLANG_WARN_INT_CONVERSION = YES;
				CLANG_WARN_OBJC_ROOT_CLASS = YES_ERROR;
				CLANG_WARN_UNREACHABLE_CODE = YES;
				CLANG_WARN__DUPLICATE_METHOD_MATCH = YES;
				COPY_PHASE_STRIP = NO;
				ENABLE_STRICT_OBJC_MSGSEND = YES;
				GCC_C_LANGUAGE_STANDARD = gnu99;
				GCC_DYNAMIC_NO_PIC = NO;
				GCC_OPTIMIZATION_LEVEL = 0;
				GCC_PREPROCESSOR_DEFINITIONS = (
					"DEBUG=1",
					"$(inherited)",
				);
				GCC_SYMBOLS_PRIVATE_EXTERN = NO;
				GCC_WARN_64_TO_32_BIT_CONVERSION = YES;
				GCC_WARN_ABOUT_RETURN_TYPE = YES_ERROR;
				GCC_WARN_UNDECLARED_SELECTOR = YES;
				GCC_WARN_UNINITIALIZED_AUTOS = YES_AGGRESSIVE;
				GCC_WARN_UNUSED_FUNCTION = YES;
				GCC_WARN_UNUSED_VARIABLE = YES;
				MACOSX_DEPLOYMENT_TARGET = 10.10;
				MTL_ENABLE_DEBUG_INFO = YES;
				ONLY_ACTIVE_ARCH = YES;
				SDKROOT = macosx;
			};
			name = Debug;
		};
		85D290D91A62826D001C6A5A /* Release */ = {
			isa = XCBuildConfiguration;
			buildSettings = {
				ALWAYS_SEARCH_USER_PATHS = NO;
				CLANG_CXX_LANGUAGE_STANDARD = "gnu++0x";
				CLANG_CXX_LIBRARY = "libc++";
				CLANG_ENABLE_MODULES = YES;
				CLANG_ENABLE_OBJC_ARC = YES;
				CLANG_WARN_BOOL_CONVERSION = YES;
				CLANG_WARN_CONSTANT_CONVERSION = YES;
				CLANG_WARN_DIRECT_OBJC_ISA_USAGE = YES_ERROR;
				CLANG_WARN_EMPTY_BODY = YES;
				CLANG_WARN_ENUM_CONVERSION = YES;
				CLANG_WARN_INT_CONVERSION = YES;
				CLANG_WARN_OBJC_ROOT_CLASS = YES_ERROR;
				CLANG_WARN_UNREACHABLE_CODE = YES;
				CLANG_WARN__DUPLICATE_METHOD_MATCH = YES;
				COPY_PHASE_STRIP = YES;
				DEBUG_INFORMATION_FORMAT = "dwarf-with-dsym";
				ENABLE_NS_ASSERTIONS = NO;
				ENABLE_STRICT_OBJC_MSGSEND = YES;
				GCC_C_LANGUAGE_STANDARD = gnu99;
				GCC_WARN_64_TO_32_BIT_CONVERSION = YES;
				GCC_WARN_ABOUT_RETURN_TYPE = YES_ERROR;
				GCC_WARN_UNDECLARED_SELECTOR = YES;
				GCC_WARN_UNINITIALIZED_AUTOS = YES_AGGRESSIVE;
				GCC_WARN_UNUSED_FUNCTION = YES;
				GCC_WARN_UNUSED_VARIABLE = YES;
				MACOSX_DEPLOYMENT_TARGET = 10.10;
				MTL_ENABLE_DEBUG_INFO = NO;
				SDKROOT = macosx;
			};
			name = Release;
		};
		85D290DB1A62826D001C6A5A /* Debug */ = {
			isa = XCBuildConfiguration;
			buildSettings = {
				PRODUCT_NAME = "$(TARGET_NAME)";
			};
			name = Debug;
		};
		85D290DC1A62826D001C6A5A /* Release */ = {
			isa = XCBuildConfiguration;
			buildSettings = {
				PRODUCT_NAME = "$(TARGET_NAME)";
			};
			name = Release;
		};
/* End XCBuildConfiguration section */

/* Begin XCConfigurationList section */
		85D290CE1A62826D001C6A5A /* Build configuration list for PBXProject "Excc" */ = {
			isa = XCConfigurationList;
			buildConfigurations = (
				85D290D81A62826D001C6A5A /* Debug */,
				85D290D91A62826D001C6A5A /* Release */,
			);
			defaultConfigurationIsVisible = 0;
			defaultConfigurationName = Release;
		};
		85D290DA1A62826D001C6A5A /* Build configuration list for PBXNativeTarget "Excc" */ = {
			isa = XCConfigurationList;
			buildConfigurations = (
				85D290DB1A62826D001C6A5A /* Debug */,
				85D290DC1A62826D001C6A5A /* Release */,
			);
			defaultConfigurationIsVisible = 0;
			defaultConfigurationName = Release;
		};
/* End XCConfigurationList section */
	};
	rootObject = 85D290CB1A62826D001C6A5A /* Project object */;
}
